
Microsoft Visual Studio Solution File, Format Version 12.00
# Visual Studio Version 16
VisualStudioVersion = 16.0.31205.134
MinimumVisualStudioVersion = 10.0.40219.1
Project("{2150E333-8FDC-42A3-9474-1A3956D46DE8}") = "2-Application-应用层", "2-Application-应用层", "{A6F6205F-B7A2-4A08-9602-8AEF548257E0}"
EndProject
Project("{2150E333-8FDC-42A3-9474-1A3956D46DE8}") = "3-Domain-领域层", "3-Domain-领域层", "{A31CBFF8-3AB5-4943-A635-A487CE88648B}"
EndProject
Project("{2150E333-8FDC-42A3-9474-1A3956D46DE8}") = "4-Infrastructure-基础设施层", "4-Infrastructure-基础设施层", "{613EA36B-43F2-475A-B280-CFFD424EEDF0}"
EndProject
Project("{2150E333-8FDC-42A3-9474-1A3956D46DE8}") = "1-Presentation-展示层", "1-Presentation-展示层", "{91D2D302-A0FE-462E-A478-4D04228EAEF3}"
EndProject
Project("{9A19103F-16F7-4668-BE54-9A1E7A4F7556}") = "SqlSugar", "SqlSugar\SqlSugar.csproj", "{073B217F-E056-4C5C-BE85-3ABA17287719}"
EndProject
Project("{9A19103F-16F7-4668-BE54-9A1E7A4F7556}") = "Infrastructure", "Infrastructure\Infrastructure.csproj", "{FA1B3DB3-42A9-4CAA-BB62-630CFA75399B}"
EndProject
Project("{9A19103F-16F7-4668-BE54-9A1E7A4F7556}") = "Domain", "Domain\Domain.csproj", "{4CC0DCD6-C280-440A-ADDC-46EE10ABC6E1}"
EndProject
Project("{9A19103F-16F7-4668-BE54-9A1E7A4F7556}") = "Application", "Application\Application.csproj", "{7916AA53-38AE-4C55-BCB2-1412B9C41E8C}"
EndProject
Project("{9A19103F-16F7-4668-BE54-9A1E7A4F7556}") = "Application.Interface", "IApplication\Application.Interface.csproj", "{9E5A7BE3-610F-4651-88CB-7C83ED378F16}"
EndProject
Project("{9A19103F-16F7-4668-BE54-9A1E7A4F7556}") = "Domain.Interface", "IDomain\Domain.Interface.csproj", "{E8D095BE-DF2E-44EB-AA93-E71672427F3A}"
EndProject
Project("{9A19103F-16F7-4668-BE54-9A1E7A4F7556}") = "Domain.Models", "Domain.Models\Domain.Models.csproj", "{D943DE7D-6AAB-4C79-87E0-ECBC2D6182FC}"
EndProject
Project("{9A19103F-16F7-4668-BE54-9A1E7A4F7556}") = "Infrastructure.Entitys", "Infrastructure.Entitys\Infrastructure.Entitys.csproj", "{BBC673FD-0B91-4283-855C-A0E15126744E}"
EndProject
Project("{9A19103F-16F7-4668-BE54-9A1E7A4F7556}") = "Application.Models", "Application.Models\Application.Models.csproj", "{85E58975-2BC0-46C0-8FCD-92B62937FEDF}"
EndProject
Project("{9A19103F-16F7-4668-BE54-9A1E7A4F7556}") = "Infrastructure.Interface", "Infrastructure.Interface\Infrastructure.Interface.csproj", "{9797D68B-D5D7-41C4-968B-D3992553D491}"
EndProject
Project("{9A19103F-16F7-4668-BE54-9A1E7A4F7556}") = "Infrastructure.CrossCutting.IoC", "Infrastructure.CrossCutting.IoC\Infrastructure.CrossCutting.IoC.csproj", "{262E50C9-86D6-4E20-B499-7E7D51648A12}"
EndProject
Project("{9A19103F-16F7-4668-BE54-9A1E7A4F7556}") = "Web.Layui", "Web.Layui\Web.Layui.csproj", "{8504D1A0-DF7B-4E7C-B568-20D1C70D0AD1}"
EndProject
Project("{9A19103F-16F7-4668-BE54-9A1E7A4F7556}") = "Infrastructure.Utility", "Infrastructure.Utility\Infrastructure.Utility.csproj", "{D1997C93-06C9-4945-83E7-A5FE99C3216F}"
EndProject
Project("{FAE04EC0-301F-11D3-BF4B-00C04F79EFBC}") = "Infrastructure.Common", "Infrastructure.Common\Infrastructure.Common.csproj", "{20247BCF-B9AD-4F36-A036-E1959D4E5E62}"
EndProject
Global
	GlobalSection(SolutionConfigurationPlatforms) = preSolution
		Debug|Any CPU = Debug|Any CPU
		Release|Any CPU = Release|Any CPU
	EndGlobalSection
	GlobalSection(ProjectConfigurationPlatforms) = postSolution
		{073B217F-E056-4C5C-BE85-3ABA17287719}.Debug|Any CPU.ActiveCfg = Debug|Any CPU
		{073B217F-E056-4C5C-BE85-3ABA17287719}.Debug|Any CPU.Build.0 = Debug|Any CPU
		{073B217F-E056-4C5C-BE85-3ABA17287719}.Release|Any CPU.ActiveCfg = Release|Any CPU
		{073B217F-E056-4C5C-BE85-3ABA17287719}.Release|Any CPU.Build.0 = Release|Any CPU
		{FA1B3DB3-42A9-4CAA-BB62-630CFA75399B}.Debug|Any CPU.ActiveCfg = Debug|Any CPU
		{FA1B3DB3-42A9-4CAA-BB62-630CFA75399B}.Debug|Any CPU.Build.0 = Debug|Any CPU
		{FA1B3DB3-42A9-4CAA-BB62-630CFA75399B}.Release|Any CPU.ActiveCfg = Release|Any CPU
		{FA1B3DB3-42A9-4CAA-BB62-630CFA75399B}.Release|Any CPU.Build.0 = Release|Any CPU
		{4CC0DCD6-C280-440A-ADDC-46EE10ABC6E1}.Debug|Any CPU.ActiveCfg = Debug|Any CPU
		{4CC0DCD6-C280-440A-ADDC-46EE10ABC6E1}.Debug|Any CPU.Build.0 = Debug|Any CPU
		{4CC0DCD6-C280-440A-ADDC-46EE10ABC6E1}.Release|Any CPU.ActiveCfg = Release|Any CPU
		{4CC0DCD6-C280-440A-ADDC-46EE10ABC6E1}.Release|Any CPU.Build.0 = Release|Any CPU
		{7916AA53-38AE-4C55-BCB2-1412B9C41E8C}.Debug|Any CPU.ActiveCfg = Debug|Any CPU
		{7916AA53-38AE-4C55-BCB2-1412B9C41E8C}.Debug|Any CPU.Build.0 = Debug|Any CPU
		{7916AA53-38AE-4C55-BCB2-1412B9C41E8C}.Release|Any CPU.ActiveCfg = Release|Any CPU
		{7916AA53-38AE-4C55-BCB2-1412B9C41E8C}.Release|Any CPU.Build.0 = Release|Any CPU
		{9E5A7BE3-610F-4651-88CB-7C83ED378F16}.Debug|Any CPU.ActiveCfg = Debug|Any CPU
		{9E5A7BE3-610F-4651-88CB-7C83ED378F16}.Debug|Any CPU.Build.0 = Debug|Any CPU
		{9E5A7BE3-610F-4651-88CB-7C83ED378F16}.Release|Any CPU.ActiveCfg = Release|Any CPU
		{9E5A7BE3-610F-4651-88CB-7C83ED378F16}.Release|Any CPU.Build.0 = Release|Any CPU
		{E8D095BE-DF2E-44EB-AA93-E71672427F3A}.Debug|Any CPU.ActiveCfg = Debug|Any CPU
		{E8D095BE-DF2E-44EB-AA93-E71672427F3A}.Debug|Any CPU.Build.0 = Debug|Any CPU
		{E8D095BE-DF2E-44EB-AA93-E71672427F3A}.Release|Any CPU.ActiveCfg = Release|Any CPU
		{E8D095BE-DF2E-44EB-AA93-E71672427F3A}.Release|Any CPU.Build.0 = Release|Any CPU
		{D943DE7D-6AAB-4C79-87E0-ECBC2D6182FC}.Debug|Any CPU.ActiveCfg = Debug|Any CPU
		{D943DE7D-6AAB-4C79-87E0-ECBC2D6182FC}.Debug|Any CPU.Build.0 = Debug|Any CPU
		{D943DE7D-6AAB-4C79-87E0-ECBC2D6182FC}.Release|Any CPU.ActiveCfg = Release|Any CPU
		{D943DE7D-6AAB-4C79-87E0-ECBC2D6182FC}.Release|Any CPU.Build.0 = Release|Any CPU
		{BBC673FD-0B91-4283-855C-A0E15126744E}.Debug|Any CPU.ActiveCfg = Debug|Any CPU
		{BBC673FD-0B91-4283-855C-A0E15126744E}.Debug|Any CPU.Build.0 = Debug|Any CPU
		{BBC673FD-0B91-4283-855C-A0E15126744E}.Release|Any CPU.ActiveCfg = Release|Any CPU
		{BBC673FD-0B91-4283-855C-A0E15126744E}.Release|Any CPU.Build.0 = Release|Any CPU
		{85E58975-2BC0-46C0-8FCD-92B62937FEDF}.Debug|Any CPU.ActiveCfg = Debug|Any CPU
		{85E58975-2BC0-46C0-8FCD-92B62937FEDF}.Debug|Any CPU.Build.0 = Debug|Any CPU
		{85E58975-2BC0-46C0-8FCD-92B62937FEDF}.Release|Any CPU.ActiveCfg = Release|Any CPU
		{85E58975-2BC0-46C0-8FCD-92B62937FEDF}.Release|Any CPU.Build.0 = Release|Any CPU
		{9797D68B-D5D7-41C4-968B-D3992553D491}.Debug|Any CPU.ActiveCfg = Debug|Any CPU
		{9797D68B-D5D7-41C4-968B-D3992553D491}.Debug|Any CPU.Build.0 = Debug|Any CPU
		{9797D68B-D5D7-41C4-968B-D3992553D491}.Release|Any CPU.ActiveCfg = Release|Any CPU
		{9797D68B-D5D7-41C4-968B-D3992553D491}.Release|Any CPU.Build.0 = Release|Any CPU
		{262E50C9-86D6-4E20-B499-7E7D51648A12}.Debug|Any CPU.ActiveCfg = Debug|Any CPU
		{262E50C9-86D6-4E20-B499-7E7D51648A12}.Debug|Any CPU.Build.0 = Debug|Any CPU
		{262E50C9-86D6-4E20-B499-7E7D51648A12}.Release|Any CPU.ActiveCfg = Release|Any CPU
		{262E50C9-86D6-4E20-B499-7E7D51648A12}.Release|Any CPU.Build.0 = Release|Any CPU
		{8504D1A0-DF7B-4E7C-B568-20D1C70D0AD1}.Debug|Any CPU.ActiveCfg = Debug|Any CPU
		{8504D1A0-DF7B-4E7C-B568-20D1C70D0AD1}.Debug|Any CPU.Build.0 = Debug|Any CPU
		{8504D1A0-DF7B-4E7C-B568-20D1C70D0AD1}.Release|Any CPU.ActiveCfg = Release|Any CPU
		{8504D1A0-DF7B-4E7C-B568-20D1C70D0AD1}.Release|Any CPU.Build.0 = Release|Any CPU
		{D1997C93-06C9-4945-83E7-A5FE99C3216F}.Debug|Any CPU.ActiveCfg = Debug|Any CPU
		{D1997C93-06C9-4945-83E7-A5FE99C3216F}.Debug|Any CPU.Build.0 = Debug|Any CPU
		{D1997C93-06C9-4945-83E7-A5FE99C3216F}.Release|Any CPU.ActiveCfg = Release|Any CPU
		{D1997C93-06C9-4945-83E7-A5FE99C3216F}.Release|Any CPU.Build.0 = Release|Any CPU
		{20247BCF-B9AD-4F36-A036-E1959D4E5E62}.Debug|Any CPU.ActiveCfg = Debug|Any CPU
		{20247BCF-B9AD-4F36-A036-E1959D4E5E62}.Debug|Any CPU.Build.0 = Debug|Any CPU
		{20247BCF-B9AD-4F36-A036-E1959D4E5E62}.Release|Any CPU.ActiveCfg = Release|Any CPU
		{20247BCF-B9AD-4F36-A036-E1959D4E5E62}.Release|Any CPU.Build.0 = Release|Any CPU
	EndGlobalSection
	GlobalSection(SolutionProperties) = preSolution
		HideSolutionNode = FALSE
	EndGlobalSection
	GlobalSection(NestedProjects) = preSolution
		{073B217F-E056-4C5C-BE85-3ABA17287719} = {613EA36B-43F2-475A-B280-CFFD424EEDF0}
		{FA1B3DB3-42A9-4CAA-BB62-630CFA75399B} = {613EA36B-43F2-475A-B280-CFFD424EEDF0}
		{4CC0DCD6-C280-440A-ADDC-46EE10ABC6E1} = {A31CBFF8-3AB5-4943-A635-A487CE88648B}
		{7916AA53-38AE-4C55-BCB2-1412B9C41E8C} = {A6F6205F-B7A2-4A08-9602-8AEF548257E0}
		{9E5A7BE3-610F-4651-88CB-7C83ED378F16} = {A6F6205F-B7A2-4A08-9602-8AEF548257E0}
		{E8D095BE-DF2E-44EB-AA93-E71672427F3A} = {A31CBFF8-3AB5-4943-A635-A487CE88648B}
		{D943DE7D-6AAB-4C79-87E0-ECBC2D6182FC} = {A31CBFF8-3AB5-4943-A635-A487CE88648B}
		{BBC673FD-0B91-4283-855C-A0E15126744E} = {613EA36B-43F2-475A-B280-CFFD424EEDF0}
		{85E58975-2BC0-46C0-8FCD-92B62937FEDF} = {A6F6205F-B7A2-4A08-9602-8AEF548257E0}
		{9797D68B-D5D7-41C4-968B-D3992553D491} = {613EA36B-43F2-475A-B280-CFFD424EEDF0}
		{262E50C9-86D6-4E20-B499-7E7D51648A12} = {613EA36B-43F2-475A-B280-CFFD424EEDF0}
		{8504D1A0-DF7B-4E7C-B568-20D1C70D0AD1} = {91D2D302-A0FE-462E-A478-4D04228EAEF3}
		{D1997C93-06C9-4945-83E7-A5FE99C3216F} = {613EA36B-43F2-475A-B280-CFFD424EEDF0}
		{20247BCF-B9AD-4F36-A036-E1959D4E5E62} = {613EA36B-43F2-475A-B280-CFFD424EEDF0}
	EndGlobalSection
	GlobalSection(ExtensibilityGlobals) = postSolution
		SolutionGuid = {5D124464-3AE4-4351-B844-00CB16B59BC8}
	EndGlobalSection
EndGlobal
